
Microsoft Visual Studio Solution File, Format Version 12.00
# Visual Studio Version 17
VisualStudioVersion = 17.0.31903.59
MinimumVisualStudioVersion = 10.0.40219.1
Project("{9A19103F-16F7-4668-BE54-9A1E7A4F7556}") = "VK_Control_Panel_Bot", "VK_Control_Panel_Bot.csproj", "{0A5060FD-3CAA-4572-B983-F3C50C6023A7}"
EndProject
Project("{2150E333-8FDC-42A3-9474-1A3956D46DE8}") = "Solution Items", "Solution Items", "{EBA11515-6D2E-4336-9B17-18DF51F3221C}"
	ProjectSection(SolutionItems) = preProject
		.editorconfig = .editorconfig
	EndProjectSection
EndProject
Global
	GlobalSection(SolutionConfigurationPlatforms) = preSolution
		Debug|Any CPU = Debug|Any CPU
		Release|Any CPU = Release|Any CPU
	EndGlobalSection
	GlobalSection(ProjectConfigurationPlatforms) = postSolution
		{0A5060FD-3CAA-4572-B983-F3C50C6023A7}.Debug|Any CPU.ActiveCfg = Debug|Any CPU
		{0A5060FD-3CAA-4572-B983-F3C50C6023A7}.Debug|Any CPU.Build.0 = Debug|Any CPU
		{0A5060FD-3CAA-4572-B983-F3C50C6023A7}.Release|Any CPU.ActiveCfg = Release|Any CPU
		{0A5060FD-3CAA-4572-B983-F3C50C6023A7}.Release|Any CPU.Build.0 = Release|Any CPU
	EndGlobalSection
	GlobalSection(SolutionProperties) = preSolution
		HideSolutionNode = FALSE
	EndGlobalSection
	GlobalSection(ExtensibilityGlobals) = postSolution
		SolutionGuid = {8FFEBBB3-1C1C-49CA-A92F-34C1CE06F7E3}
	EndGlobalSection
EndGlobal
